{
  "name": "passgen-cli",
  "version": "1.1.0",
  "lockfileVersion": 1,
  "requires": true,
  "dependencies": {
    "commander": {
      "version": "4.1.1",
      "resolved": "https://registry.npmjs.org/commander/-/commander-4.1.1.tgz",
      "integrity": "sha512-NOKm8xhkzAjzFx8B2v5OAHT+u5pRQc2UCa2Vq9jYL/31o2wi9mxBA7LIFs3sV5VSC49z6pEhfbMULvShKj26WA=="
    },
    "passgen": {
      "version": "1.1.0",
      "resolved": "https://registry.npmjs.org/passgen/-/passgen-1.1.0.tgz",
      "integrity": "sha1-ju8ci3zzKUpKgKFdWfLajWKfKHI="
    }
  }
}
